
Microsoft Visual Studio Solution File, Format Version 12.00
# Visual Studio 14
VisualStudioVersion = 14.0.25420.1
MinimumVisualStudioVersion = 10.0.40219.1
Project("{FAE04EC0-301F-11D3-BF4B-00C04F79EFBC}") = "Unity.WebApi", "Unity.WebApi\Unity.WebApi.csproj", "{DA4A878B-6507-4ED5-8827-B2A9508B278C}"
EndProject
Project("{FAE04EC0-301F-11D3-BF4B-00C04F79EFBC}") = "Unity.WebApi.Core", "Unity.WebApi.Core\Unity.WebApi.Core.csproj", "{10A824B5-BD36-4325-85E7-A2371F196171}"
EndProject
Project("{FAE04EC0-301F-11D3-BF4B-00C04F79EFBC}") = "Unity.WebApi.Data", "Unity.WebApi.Data\Unity.WebApi.Data.csproj", "{D17DE0CE-42AF-4630-900A-E763968572A7}"
EndProject
Global
	GlobalSection(SolutionConfigurationPlatforms) = preSolution
		Debug|Any CPU = Debug|Any CPU
		Release|Any CPU = Release|Any CPU
	EndGlobalSection
	GlobalSection(ProjectConfigurationPlatforms) = postSolution
		{DA4A878B-6507-4ED5-8827-B2A9508B278C}.Debug|Any CPU.ActiveCfg = Debug|Any CPU
		{DA4A878B-6507-4ED5-8827-B2A9508B278C}.Debug|Any CPU.Build.0 = Debug|Any CPU
		{DA4A878B-6507-4ED5-8827-B2A9508B278C}.Release|Any CPU.ActiveCfg = Release|Any CPU
		{DA4A878B-6507-4ED5-8827-B2A9508B278C}.Release|Any CPU.Build.0 = Release|Any CPU
		{10A824B5-BD36-4325-85E7-A2371F196171}.Debug|Any CPU.ActiveCfg = Debug|Any CPU
		{10A824B5-BD36-4325-85E7-A2371F196171}.Debug|Any CPU.Build.0 = Debug|Any CPU
		{10A824B5-BD36-4325-85E7-A2371F196171}.Release|Any CPU.ActiveCfg = Release|Any CPU
		{10A824B5-BD36-4325-85E7-A2371F196171}.Release|Any CPU.Build.0 = Release|Any CPU
		{D17DE0CE-42AF-4630-900A-E763968572A7}.Debug|Any CPU.ActiveCfg = Debug|Any CPU
		{D17DE0CE-42AF-4630-900A-E763968572A7}.Debug|Any CPU.Build.0 = Debug|Any CPU
		{D17DE0CE-42AF-4630-900A-E763968572A7}.Release|Any CPU.ActiveCfg = Release|Any CPU
		{D17DE0CE-42AF-4630-900A-E763968572A7}.Release|Any CPU.Build.0 = Release|Any CPU
	EndGlobalSection
	GlobalSection(SolutionProperties) = preSolution
		HideSolutionNode = FALSE
	EndGlobalSection
EndGlobal
